{
  "pins" : [
    {
      "identity" : "swifcron",
      "kind" : "remoteSourceControl",
      "location" : "https://github.com/MihaelIsaev/SwifCron.git",
      "state" : {
        "revision" : "51d388da749b002522261e6fe4171acf93ee1b74",
        "version" : "2.0.0"
      }
    }
  ],
  "version" : 2
}
